
Microsoft Visual Studio Solution File, Format Version 12.00
# Visual Studio 14
VisualStudioVersion = 14.0.25420.1
MinimumVisualStudioVersion = 10.0.40219.1
Project("{FAE04EC0-301F-11D3-BF4B-00C04F79EFBC}") = "Northwind.Core", "Northwind.Core\Northwind.Core.csproj", "{592DD100-197C-4739-95F6-E3AEF38B1E36}"
EndProject
Project("{FAE04EC0-301F-11D3-BF4B-00C04F79EFBC}") = "Northwind.Api", "Nortwind.API\Northwind.Api.csproj", "{1C832F3C-7D25-442E-9133-ED232F39C6BA}"
EndProject
Project("{FAE04EC0-301F-11D3-BF4B-00C04F79EFBC}") = "Northwind.Database", "NorthWind.Database\Northwind.Database.csproj", "{68760E3C-0263-430A-85BD-8661D3CB6F51}"
EndProject
Project("{FAE04EC0-301F-11D3-BF4B-00C04F79EFBC}") = "Northwind.TestForms", "Northwind.TestForms\Northwind.TestForms.csproj", "{7A09AF97-728C-48CB-91EA-F086CD8B498F}"
EndProject
Project("{2150E333-8FDC-42A3-9474-1A3956D46DE8}") = "UML and Documentation", "UML and Documentation", "{44EDDA43-10F2-40F4-994C-678CA099FB27}"
EndProject
Project("{F088123C-0E9E-452A-89E6-6BA2F21D5CAC}") = "NorthwindModel", "NorthwindModel\NorthwindModel.modelproj", "{DF2F1296-849C-479D-8C28-D442391510D9}"
EndProject
Project("{FAE04EC0-301F-11D3-BF4B-00C04F79EFBC}") = "NorthwindModelLib", "NorthwindModelLib\NorthwindModelLib.csproj", "{9C694E99-9FB5-454A-BBC8-B41003AD9E90}"
EndProject
Project("{2150E333-8FDC-42A3-9474-1A3956D46DE8}") = "Bussiness and Core", "Bussiness and Core", "{00908D8D-94E6-477A-B5EA-1D106BF5B76E}"
EndProject
Project("{2150E333-8FDC-42A3-9474-1A3956D46DE8}") = "Test projects", "Test projects", "{A811D484-E731-4B41-9F70-49ADC93EB4F1}"
EndProject
Project("{2150E333-8FDC-42A3-9474-1A3956D46DE8}") = "API and Web Services", "API and Web Services", "{20F3244D-8510-44D4-B39A-3ADBE81FB523}"
EndProject
Project("{2150E333-8FDC-42A3-9474-1A3956D46DE8}") = "Databases and Source", "Databases and Source", "{52C15589-3684-4E6B-9FFB-B7BEAF25C66E}"
EndProject
Project("{2150E333-8FDC-42A3-9474-1A3956D46DE8}") = "Remote Services", "Remote Services", "{20E24A45-DCF5-42E1-89DC-BB2A756E1DAF}"
EndProject
Project("{2150E333-8FDC-42A3-9474-1A3956D46DE8}") = "Clients and UI", "Clients and UI", "{38E40CAA-157B-4300-A256-54E93362895C}"
EndProject
Project("{FAE04EC0-301F-11D3-BF4B-00C04F79EFBC}") = "Northwind.Client", "Northwind.Client\Northwind.Client.csproj", "{7940156B-1A66-4CF5-8246-A81EB5FDE169}"
EndProject
Project("{2150E333-8FDC-42A3-9474-1A3956D46DE8}") = "Config and Settings", "Config and Settings", "{4FD56F71-88F1-4772-A9E0-A27C8F8EE514}"
EndProject
Project("{FAE04EC0-301F-11D3-BF4B-00C04F79EFBC}") = "Northwind.Settings", "Configs\Northwind.Settings.csproj", "{AE5EE197-4E23-4DF1-9BED-1DEA5919BBAF}"
EndProject
Project("{FAE04EC0-301F-11D3-BF4B-00C04F79EFBC}") = "Northwind.Core.Customer", "Northwind.Core.Customer\Northwind.Core.Customer.csproj", "{D1E7BDF6-E1C2-4043-89C9-BC9E77A7A55C}"
EndProject
Project("{FAE04EC0-301F-11D3-BF4B-00C04F79EFBC}") = "Northwind.Core.Base", "Northwind.Core.Base\Northwind.Core.Base.csproj", "{FC1DEB6A-5AD3-4B6E-A5FC-410A0DEDE99A}"
EndProject
Project("{FAE04EC0-301F-11D3-BF4B-00C04F79EFBC}") = "Northwind.entities", "northwind.entities\Northwind.entities.csproj", "{639B492C-A488-4862-9757-B29DCE0D8EA5}"
EndProject
Project("{FAE04EC0-301F-11D3-BF4B-00C04F79EFBC}") = "Northwind.Core.Common", "Northwind.Core.Common\Northwind.Core.Common.csproj", "{7B7D6724-15A2-4819-AA0F-858BDCA137D5}"
EndProject
Project("{FAE04EC0-301F-11D3-BF4B-00C04F79EFBC}") = "ConsoleTest", "ConsoleTest\ConsoleTest.csproj", "{66A09594-2953-4C89-9F8B-EFFFF42656ED}"
EndProject
Global
	GlobalSection(SolutionConfigurationPlatforms) = preSolution
		Debug|Any CPU = Debug|Any CPU
		Release|Any CPU = Release|Any CPU
	EndGlobalSection
	GlobalSection(ProjectConfigurationPlatforms) = postSolution
		{592DD100-197C-4739-95F6-E3AEF38B1E36}.Debug|Any CPU.ActiveCfg = Debug|Any CPU
		{592DD100-197C-4739-95F6-E3AEF38B1E36}.Debug|Any CPU.Build.0 = Debug|Any CPU
		{592DD100-197C-4739-95F6-E3AEF38B1E36}.Release|Any CPU.ActiveCfg = Release|Any CPU
		{592DD100-197C-4739-95F6-E3AEF38B1E36}.Release|Any CPU.Build.0 = Release|Any CPU
		{1C832F3C-7D25-442E-9133-ED232F39C6BA}.Debug|Any CPU.ActiveCfg = Debug|Any CPU
		{1C832F3C-7D25-442E-9133-ED232F39C6BA}.Debug|Any CPU.Build.0 = Debug|Any CPU
		{1C832F3C-7D25-442E-9133-ED232F39C6BA}.Release|Any CPU.ActiveCfg = Release|Any CPU
		{1C832F3C-7D25-442E-9133-ED232F39C6BA}.Release|Any CPU.Build.0 = Release|Any CPU
		{68760E3C-0263-430A-85BD-8661D3CB6F51}.Debug|Any CPU.ActiveCfg = Debug|Any CPU
		{68760E3C-0263-430A-85BD-8661D3CB6F51}.Debug|Any CPU.Build.0 = Debug|Any CPU
		{68760E3C-0263-430A-85BD-8661D3CB6F51}.Release|Any CPU.ActiveCfg = Release|Any CPU
		{68760E3C-0263-430A-85BD-8661D3CB6F51}.Release|Any CPU.Build.0 = Release|Any CPU
		{7A09AF97-728C-48CB-91EA-F086CD8B498F}.Debug|Any CPU.ActiveCfg = Debug|Any CPU
		{7A09AF97-728C-48CB-91EA-F086CD8B498F}.Debug|Any CPU.Build.0 = Debug|Any CPU
		{7A09AF97-728C-48CB-91EA-F086CD8B498F}.Release|Any CPU.ActiveCfg = Release|Any CPU
		{7A09AF97-728C-48CB-91EA-F086CD8B498F}.Release|Any CPU.Build.0 = Release|Any CPU
		{DF2F1296-849C-479D-8C28-D442391510D9}.Debug|Any CPU.ActiveCfg = Debug|Any CPU
		{DF2F1296-849C-479D-8C28-D442391510D9}.Debug|Any CPU.Build.0 = Debug|Any CPU
		{DF2F1296-849C-479D-8C28-D442391510D9}.Release|Any CPU.ActiveCfg = Release|Any CPU
		{DF2F1296-849C-479D-8C28-D442391510D9}.Release|Any CPU.Build.0 = Release|Any CPU
		{9C694E99-9FB5-454A-BBC8-B41003AD9E90}.Debug|Any CPU.ActiveCfg = Debug|Any CPU
		{9C694E99-9FB5-454A-BBC8-B41003AD9E90}.Debug|Any CPU.Build.0 = Debug|Any CPU
		{9C694E99-9FB5-454A-BBC8-B41003AD9E90}.Release|Any CPU.ActiveCfg = Release|Any CPU
		{9C694E99-9FB5-454A-BBC8-B41003AD9E90}.Release|Any CPU.Build.0 = Release|Any CPU
		{7940156B-1A66-4CF5-8246-A81EB5FDE169}.Debug|Any CPU.ActiveCfg = Debug|Any CPU
		{7940156B-1A66-4CF5-8246-A81EB5FDE169}.Debug|Any CPU.Build.0 = Debug|Any CPU
		{7940156B-1A66-4CF5-8246-A81EB5FDE169}.Release|Any CPU.ActiveCfg = Release|Any CPU
		{7940156B-1A66-4CF5-8246-A81EB5FDE169}.Release|Any CPU.Build.0 = Release|Any CPU
		{AE5EE197-4E23-4DF1-9BED-1DEA5919BBAF}.Debug|Any CPU.ActiveCfg = Debug|Any CPU
		{AE5EE197-4E23-4DF1-9BED-1DEA5919BBAF}.Debug|Any CPU.Build.0 = Debug|Any CPU
		{AE5EE197-4E23-4DF1-9BED-1DEA5919BBAF}.Release|Any CPU.ActiveCfg = Release|Any CPU
		{AE5EE197-4E23-4DF1-9BED-1DEA5919BBAF}.Release|Any CPU.Build.0 = Release|Any CPU
		{D1E7BDF6-E1C2-4043-89C9-BC9E77A7A55C}.Debug|Any CPU.ActiveCfg = Debug|Any CPU
		{D1E7BDF6-E1C2-4043-89C9-BC9E77A7A55C}.Debug|Any CPU.Build.0 = Debug|Any CPU
		{D1E7BDF6-E1C2-4043-89C9-BC9E77A7A55C}.Release|Any CPU.ActiveCfg = Release|Any CPU
		{D1E7BDF6-E1C2-4043-89C9-BC9E77A7A55C}.Release|Any CPU.Build.0 = Release|Any CPU
		{FC1DEB6A-5AD3-4B6E-A5FC-410A0DEDE99A}.Debug|Any CPU.ActiveCfg = Debug|Any CPU
		{FC1DEB6A-5AD3-4B6E-A5FC-410A0DEDE99A}.Debug|Any CPU.Build.0 = Debug|Any CPU
		{FC1DEB6A-5AD3-4B6E-A5FC-410A0DEDE99A}.Release|Any CPU.ActiveCfg = Release|Any CPU
		{FC1DEB6A-5AD3-4B6E-A5FC-410A0DEDE99A}.Release|Any CPU.Build.0 = Release|Any CPU
		{639B492C-A488-4862-9757-B29DCE0D8EA5}.Debug|Any CPU.ActiveCfg = Debug|Any CPU
		{639B492C-A488-4862-9757-B29DCE0D8EA5}.Debug|Any CPU.Build.0 = Debug|Any CPU
		{639B492C-A488-4862-9757-B29DCE0D8EA5}.Release|Any CPU.ActiveCfg = Release|Any CPU
		{639B492C-A488-4862-9757-B29DCE0D8EA5}.Release|Any CPU.Build.0 = Release|Any CPU
		{7B7D6724-15A2-4819-AA0F-858BDCA137D5}.Debug|Any CPU.ActiveCfg = Debug|Any CPU
		{7B7D6724-15A2-4819-AA0F-858BDCA137D5}.Debug|Any CPU.Build.0 = Debug|Any CPU
		{7B7D6724-15A2-4819-AA0F-858BDCA137D5}.Release|Any CPU.ActiveCfg = Release|Any CPU
		{7B7D6724-15A2-4819-AA0F-858BDCA137D5}.Release|Any CPU.Build.0 = Release|Any CPU
		{66A09594-2953-4C89-9F8B-EFFFF42656ED}.Debug|Any CPU.ActiveCfg = Debug|Any CPU
		{66A09594-2953-4C89-9F8B-EFFFF42656ED}.Debug|Any CPU.Build.0 = Debug|Any CPU
		{66A09594-2953-4C89-9F8B-EFFFF42656ED}.Release|Any CPU.ActiveCfg = Release|Any CPU
		{66A09594-2953-4C89-9F8B-EFFFF42656ED}.Release|Any CPU.Build.0 = Release|Any CPU
	EndGlobalSection
	GlobalSection(SolutionProperties) = preSolution
		HideSolutionNode = FALSE
	EndGlobalSection
	GlobalSection(NestedProjects) = preSolution
		{592DD100-197C-4739-95F6-E3AEF38B1E36} = {00908D8D-94E6-477A-B5EA-1D106BF5B76E}
		{1C832F3C-7D25-442E-9133-ED232F39C6BA} = {20F3244D-8510-44D4-B39A-3ADBE81FB523}
		{68760E3C-0263-430A-85BD-8661D3CB6F51} = {52C15589-3684-4E6B-9FFB-B7BEAF25C66E}
		{7A09AF97-728C-48CB-91EA-F086CD8B498F} = {A811D484-E731-4B41-9F70-49ADC93EB4F1}
		{DF2F1296-849C-479D-8C28-D442391510D9} = {44EDDA43-10F2-40F4-994C-678CA099FB27}
		{9C694E99-9FB5-454A-BBC8-B41003AD9E90} = {44EDDA43-10F2-40F4-994C-678CA099FB27}
		{7940156B-1A66-4CF5-8246-A81EB5FDE169} = {38E40CAA-157B-4300-A256-54E93362895C}
		{AE5EE197-4E23-4DF1-9BED-1DEA5919BBAF} = {4FD56F71-88F1-4772-A9E0-A27C8F8EE514}
		{D1E7BDF6-E1C2-4043-89C9-BC9E77A7A55C} = {00908D8D-94E6-477A-B5EA-1D106BF5B76E}
		{FC1DEB6A-5AD3-4B6E-A5FC-410A0DEDE99A} = {00908D8D-94E6-477A-B5EA-1D106BF5B76E}
		{639B492C-A488-4862-9757-B29DCE0D8EA5} = {52C15589-3684-4E6B-9FFB-B7BEAF25C66E}
		{7B7D6724-15A2-4819-AA0F-858BDCA137D5} = {00908D8D-94E6-477A-B5EA-1D106BF5B76E}
		{66A09594-2953-4C89-9F8B-EFFFF42656ED} = {38E40CAA-157B-4300-A256-54E93362895C}
	EndGlobalSection
EndGlobal
